
Microsoft Visual Studio Solution File, Format Version 12.00
# Visual Studio Version 17
VisualStudioVersion = 17.11.35312.102
MinimumVisualStudioVersion = 10.0.40219.1
Project("{8BC9CEB8-8B4A-11D0-8D11-00A0C91BC942}") = "Zadanie 5.3", "Zadanie 5.3.vcxproj", "{7444899A-A651-48F9-BADD-B1D670179B72}"
EndProject
Global
	GlobalSection(SolutionConfigurationPlatforms) = preSolution
		Debug|x64 = Debug|x64
		Debug|x86 = Debug|x86
		Release|x64 = Release|x64
		Release|x86 = Release|x86
	EndGlobalSection
	GlobalSection(ProjectConfigurationPlatforms) = postSolution
		{7444899A-A651-48F9-BADD-B1D670179B72}.Debug|x64.ActiveCfg = Debug|x64
		{7444899A-A651-48F9-BADD-B1D670179B72}.Debug|x64.Build.0 = Debug|x64
		{7444899A-A651-48F9-BADD-B1D670179B72}.Debug|x86.ActiveCfg = Debug|Win32
		{7444899A-A651-48F9-BADD-B1D670179B72}.Debug|x86.Build.0 = Debug|Win32
		{7444899A-A651-48F9-BADD-B1D670179B72}.Release|x64.ActiveCfg = Release|x64
		{7444899A-A651-48F9-BADD-B1D670179B72}.Release|x64.Build.0 = Release|x64
		{7444899A-A651-48F9-BADD-B1D670179B72}.Release|x86.ActiveCfg = Release|Win32
		{7444899A-A651-48F9-BADD-B1D670179B72}.Release|x86.Build.0 = Release|Win32
	EndGlobalSection
	GlobalSection(SolutionProperties) = preSolution
		HideSolutionNode = FALSE
	EndGlobalSection
	GlobalSection(ExtensibilityGlobals) = postSolution
		SolutionGuid = {7718C548-AF5C-4B01-83B3-F8DAA90EE418}
	EndGlobalSection
EndGlobal
