
Microsoft Visual Studio Solution File, Format Version 12.00
# Visual Studio Version 17
VisualStudioVersion = 17.11.35312.102
MinimumVisualStudioVersion = 10.0.40219.1
Project("{8BC9CEB8-8B4A-11D0-8D11-00A0C91BC942}") = "Laboratoria 2 - Zadanie 2.1 if", "Laboratoria 2 - Zadanie 2.1 if\Laboratoria 2 - Zadanie 2.1 if.vcxproj", "{4BB02608-0CFC-4E00-959B-10206FAB0D9B}"
EndProject
Global
	GlobalSection(SolutionConfigurationPlatforms) = preSolution
		Debug|x64 = Debug|x64
		Debug|x86 = Debug|x86
		Release|x64 = Release|x64
		Release|x86 = Release|x86
	EndGlobalSection
	GlobalSection(ProjectConfigurationPlatforms) = postSolution
		{4BB02608-0CFC-4E00-959B-10206FAB0D9B}.Debug|x64.ActiveCfg = Debug|x64
		{4BB02608-0CFC-4E00-959B-10206FAB0D9B}.Debug|x64.Build.0 = Debug|x64
		{4BB02608-0CFC-4E00-959B-10206FAB0D9B}.Debug|x86.ActiveCfg = Debug|Win32
		{4BB02608-0CFC-4E00-959B-10206FAB0D9B}.Debug|x86.Build.0 = Debug|Win32
		{4BB02608-0CFC-4E00-959B-10206FAB0D9B}.Release|x64.ActiveCfg = Release|x64
		{4BB02608-0CFC-4E00-959B-10206FAB0D9B}.Release|x64.Build.0 = Release|x64
		{4BB02608-0CFC-4E00-959B-10206FAB0D9B}.Release|x86.ActiveCfg = Release|Win32
		{4BB02608-0CFC-4E00-959B-10206FAB0D9B}.Release|x86.Build.0 = Release|Win32
	EndGlobalSection
	GlobalSection(SolutionProperties) = preSolution
		HideSolutionNode = FALSE
	EndGlobalSection
	GlobalSection(ExtensibilityGlobals) = postSolution
		SolutionGuid = {A5578F26-EBEF-43D8-A630-74CC873DBE68}
	EndGlobalSection
EndGlobal
