
Microsoft Visual Studio Solution File, Format Version 12.00
# Visual Studio Version 17
VisualStudioVersion = 17.11.35312.102
MinimumVisualStudioVersion = 10.0.40219.1
Project("{8BC9CEB8-8B4A-11D0-8D11-00A0C91BC942}") = "Zadanie 7.1", "Zadanie 7.1.vcxproj", "{340D4D0B-8D21-4FC3-968A-7114B72D935A}"
EndProject
Global
	GlobalSection(SolutionConfigurationPlatforms) = preSolution
		Debug|x64 = Debug|x64
		Debug|x86 = Debug|x86
		Release|x64 = Release|x64
		Release|x86 = Release|x86
	EndGlobalSection
	GlobalSection(ProjectConfigurationPlatforms) = postSolution
		{340D4D0B-8D21-4FC3-968A-7114B72D935A}.Debug|x64.ActiveCfg = Debug|x64
		{340D4D0B-8D21-4FC3-968A-7114B72D935A}.Debug|x64.Build.0 = Debug|x64
		{340D4D0B-8D21-4FC3-968A-7114B72D935A}.Debug|x86.ActiveCfg = Debug|Win32
		{340D4D0B-8D21-4FC3-968A-7114B72D935A}.Debug|x86.Build.0 = Debug|Win32
		{340D4D0B-8D21-4FC3-968A-7114B72D935A}.Release|x64.ActiveCfg = Release|x64
		{340D4D0B-8D21-4FC3-968A-7114B72D935A}.Release|x64.Build.0 = Release|x64
		{340D4D0B-8D21-4FC3-968A-7114B72D935A}.Release|x86.ActiveCfg = Release|Win32
		{340D4D0B-8D21-4FC3-968A-7114B72D935A}.Release|x86.Build.0 = Release|Win32
	EndGlobalSection
	GlobalSection(SolutionProperties) = preSolution
		HideSolutionNode = FALSE
	EndGlobalSection
	GlobalSection(ExtensibilityGlobals) = postSolution
		SolutionGuid = {A137B480-38CC-422C-82BD-A1CEC722895B}
	EndGlobalSection
EndGlobal
